{
  "name": "construtec-api",
  "version": "1.0.0",
  "description": "Backend da aplicação ConstruTec",
  "main": "src/server.js",
  "scripts": {
    "start": "node src/server.js",
    "dev": "node --watch src/server.js"
  },
  "dependencies": {
    "bcrypt": "...",
    "cors": "...",
    "dotenv": "...",
    "express": "...",
    "jsonwebtoken": "...",
    "mysql2": "..."
  }
}